
Microsoft Visual Studio Solution File, Format Version 12.00
# Visual Studio Version 16
VisualStudioVersion = 16.0.31321.278
MinimumVisualStudioVersion = 10.0.40219.1
Project("{FAE04EC0-301F-11D3-BF4B-00C04F79EFBC}") = "PasswordValidatro_Tests", "..\PasswordValidatro_Tests\PasswordValidatro_Tests.csproj", "{5E319118-58E5-48C9-A106-A7EB95D14B07}"
EndProject
Project("{FAE04EC0-301F-11D3-BF4B-00C04F79EFBC}") = "PasswordValidatorLibrary", "..\PasswordValidatorLibrary\PasswordValidatorLibrary.csproj", "{AAFEC002-EAB5-4977-94B6-E67810D7BCCF}"
EndProject
Global
	GlobalSection(SolutionConfigurationPlatforms) = preSolution
		Debug|Any CPU = Debug|Any CPU
		Release|Any CPU = Release|Any CPU
	EndGlobalSection
	GlobalSection(ProjectConfigurationPlatforms) = postSolution
		{5E319118-58E5-48C9-A106-A7EB95D14B07}.Debug|Any CPU.ActiveCfg = Debug|Any CPU
		{5E319118-58E5-48C9-A106-A7EB95D14B07}.Debug|Any CPU.Build.0 = Debug|Any CPU
		{5E319118-58E5-48C9-A106-A7EB95D14B07}.Release|Any CPU.ActiveCfg = Release|Any CPU
		{5E319118-58E5-48C9-A106-A7EB95D14B07}.Release|Any CPU.Build.0 = Release|Any CPU
		{AAFEC002-EAB5-4977-94B6-E67810D7BCCF}.Debug|Any CPU.ActiveCfg = Debug|Any CPU
		{AAFEC002-EAB5-4977-94B6-E67810D7BCCF}.Debug|Any CPU.Build.0 = Debug|Any CPU
		{AAFEC002-EAB5-4977-94B6-E67810D7BCCF}.Release|Any CPU.ActiveCfg = Release|Any CPU
		{AAFEC002-EAB5-4977-94B6-E67810D7BCCF}.Release|Any CPU.Build.0 = Release|Any CPU
	EndGlobalSection
	GlobalSection(SolutionProperties) = preSolution
		HideSolutionNode = FALSE
	EndGlobalSection
	GlobalSection(ExtensibilityGlobals) = postSolution
		SolutionGuid = {C6EDE09E-BF1C-48A4-A5C4-A08ED5EA2FF6}
	EndGlobalSection
EndGlobal
